
Microsoft Visual Studio Solution File, Format Version 12.00
# Visual Studio Version 17
VisualStudioVersion = 17.4.33213.308
MinimumVisualStudioVersion = 10.0.40219.1
Project("{FAE04EC0-301F-11D3-BF4B-00C04F79EFBC}") = "jurnal_mod6_1302213072", "jurnal_mod6_1302213072.csproj", "{560E95AD-1260-409B-8677-01DB6D84FAFC}"
EndProject
Global
	GlobalSection(SolutionConfigurationPlatforms) = preSolution
		Debug|Any CPU = Debug|Any CPU
		Release|Any CPU = Release|Any CPU
	EndGlobalSection
	GlobalSection(ProjectConfigurationPlatforms) = postSolution
		{560E95AD-1260-409B-8677-01DB6D84FAFC}.Debug|Any CPU.ActiveCfg = Debug|Any CPU
		{560E95AD-1260-409B-8677-01DB6D84FAFC}.Debug|Any CPU.Build.0 = Debug|Any CPU
		{560E95AD-1260-409B-8677-01DB6D84FAFC}.Release|Any CPU.ActiveCfg = Release|Any CPU
		{560E95AD-1260-409B-8677-01DB6D84FAFC}.Release|Any CPU.Build.0 = Release|Any CPU
	EndGlobalSection
	GlobalSection(SolutionProperties) = preSolution
		HideSolutionNode = FALSE
	EndGlobalSection
	GlobalSection(ExtensibilityGlobals) = postSolution
		SolutionGuid = {77C01210-20D6-4469-95F5-359E1B790243}
	EndGlobalSection
EndGlobal
